
Microsoft Visual Studio Solution File, Format Version 12.00
# Visual Studio Version 17
VisualStudioVersion = 17.11.35208.52
MinimumVisualStudioVersion = 10.0.40219.1
Project("{FAE04EC0-301F-11D3-BF4B-00C04F79EFBC}") = "Animal Project", "Animal Project.csproj", "{65E48E2B-9462-470E-B8CE-65E4F8655252}"
EndProject
Global
	GlobalSection(SolutionConfigurationPlatforms) = preSolution
		Debug|Any CPU = Debug|Any CPU
		Release|Any CPU = Release|Any CPU
	EndGlobalSection
	GlobalSection(ProjectConfigurationPlatforms) = postSolution
		{65E48E2B-9462-470E-B8CE-65E4F8655252}.Debug|Any CPU.ActiveCfg = Debug|Any CPU
		{65E48E2B-9462-470E-B8CE-65E4F8655252}.Debug|Any CPU.Build.0 = Debug|Any CPU
		{65E48E2B-9462-470E-B8CE-65E4F8655252}.Release|Any CPU.ActiveCfg = Release|Any CPU
		{65E48E2B-9462-470E-B8CE-65E4F8655252}.Release|Any CPU.Build.0 = Release|Any CPU
	EndGlobalSection
	GlobalSection(SolutionProperties) = preSolution
		HideSolutionNode = FALSE
	EndGlobalSection
	GlobalSection(ExtensibilityGlobals) = postSolution
		SolutionGuid = {8F5E19CF-DF77-4A3F-BAA9-5F1AA7642CF9}
	EndGlobalSection
EndGlobal
